version = 1
revision = 3
requires-python = ">=3.10, <4.0.0"
resolution-markers = [
    "python_full_version >= '3.13'",
    "python_full_version == '3.12.*'",
    "python_full_version == '3.11.*'",
    "python_full_version < '3.11'",
]

[[package]]
name = "aiohappyeyeballs"
version = "2.6.1"
source = { registry = "https://pypi.org/simple" }
sdist = { url = "https://files.pythonhosted.org/packages/26/30/f84a107a9c4331c14b2b586036f40965c128aa4fee4dda5d3d51cb14ad54/aiohappyeyeballs-2.6.1.tar.gz", hash = "sha256:c3f9d0113123803ccadfdf3f0faa505bc78e6a72d1cc4806cbd719826e943558", size = 22760, upload-time = "2025-03-12T01:42:48.764Z" }
wheels = [
    { url = "https://files.pythonhosted.org/packages/0f/15/5bf3b99495fb160b63f95972b81750f18f7f4e02ad051373b669d17d44f2/aiohappyeyeballs-2.6.1-py3-none-any.whl", hash = "sha256:f349ba8f4b75cb25c99c5c2d84e997e485204d2902a9597802b0371f09331fb8", size = 15265, upload-time = "2025-03-12T01:42:47.083Z" },
]

[[package]]
name = "aiohttp"
version = "3.13.3"
source = { registry = "https://pypi.org/simple" }
dependencies = [
    { name = "aiohappyeyeballs" },
    { name = "aiosignal" },
    { name = "async-timeout", marker = "python_full_version < '3.11'" },
    { name = "attrs" },
    { name = "frozenlist" },
    { name = "multidict" },
    { name = "propcache" },
    { name = "yarl" },
]
sdist = { url = "https://files.pythonhosted.org/packages/50/42/32cf8e7704ceb4481406eb87161349abb46a57fee3f008ba9cb610968646/aiohttp-3.13.3.tar.gz", hash = "sha256:a949eee43d3782f2daae4f4a2819b2cb9b0c5d3b7f7a927067cc84dafdbb9f88", size = 7844556, upload-time = "2026-01-03T17:33:05.204Z" }
wheels = [
    { url = "https://files.pythonhosted.org/packages/36/d6/5aec9313ee6ea9c7cde8b891b69f4ff4001416867104580670a31daeba5b/aiohttp-3.13.3-cp310-cp310-macosx_10_9_universal2.whl", hash = "sha256:d5a372fd5afd301b3a89582817fdcdb6c34124787c70dbcc616f259013e7eef7", size = 738950, upload-time = "2026-01-03T17:29:13.002Z" },
    { url = "https://files.pythonhosted.org/packages/68/03/8fa90a7e6d11ff20a18837a8e2b5dd23db01aabc475aa9271c8ad33299f5/aiohttp-3.13.3-cp310-cp310-macosx_10_9_x86_64.whl", hash = "sha256:147e422fd1223005c22b4fe080f5d93ced44460f5f9c105406b753612b587821", size = 496099, upload-time = "2026-01-03T17:29:15.268Z" },
    { url = "https://files.pythonhosted.org/packages/d2/23/b81f744d402510a8366b74eb420fc0cc1170d0c43daca12d10814df85f10/aiohttp-3.13.3-cp310-cp310-macosx_11_0_arm64.whl", hash = "sha256:859bd3f2156e81dd01432f5849fc73e2243d4a487c4fd26609b1299534ee1845", size = 491072, upload-time = "2026-01-03T17:29:16.922Z" },
    { url = "https://files.pythonhosted.org/packages/d5/e1/56d1d1c0dd334cd203dd97706ce004c1aa24b34a813b0b8daf3383039706/aiohttp-3.13.3-cp310-cp310-manylinux2014_aarch64.manylinux_2_17_aarch64.manylinux_2_28_aarch64.whl", hash = "sha256:dca68018bf48c251ba17c72ed479f4dafe9dbd5a73707ad8d28a38d11f3d42af", size = 1671588, upload-time = "2026-01-03T17:29:18.539Z" },
    { url = "https://files.pythonhosted.org/packages/5f/34/8d7f962604f4bc2b4e39eb1220dac7d4e4cba91fb9ba0474b4ecd67db165/aiohttp-3.13.3-cp310-cp310-manylinux2014_armv7l.manylinux_2_17_armv7l.manylinux_2_31_armv7l.whl", hash = "sha256:fee0c6bc7db1de362252affec009707a17478a00ec69f797d23ca256e36d5940", size = 1640334, upload-time = "2026-01-03T17:29:21.028Z" },
    { url = "https://files.pythonhosted.org/packages/94/1d/fcccf2c668d87337ddeef9881537baee13c58d8f01f12ba8a24215f2b804/aiohttp-3.13.3-cp310-cp310-manylinux2014_ppc64le.manylinux_2_17_ppc64le.manylinux_2_28_ppc64le.whl", hash = "sha256:c048058117fd649334d81b4b526e94bde3ccaddb20463a815ced6ecbb7d11160", size = 1722656, upload-time = "2026-01-03T17:29:22.531Z" },
    { url = "https://files.pythonhosted.org/packages/aa/98/c6f3b081c4c606bc1e5f2ec102e87d6411c73a9ef3616fea6f2d5c98c062/aiohttp-3.13.3-cp310-cp310-manylinux2014_s390x.manylinux_2_17_s390x.manylinux_2_28_s390x.whl", hash = "sha256:215a685b6fbbfcf71dfe96e3eba7a6f58f10da1dfdf4889c7dd856abe430dca7", size = 1817625, upload-time = "2026-01-03T17:29:24.276Z" },
    { url = "https://files.pythonhosted.org/packages/2c/c0/cfcc3d2e11b477f86e1af2863f3858c8850d751ce8dc39c4058a072c9e54/aiohttp-3.13.3-cp310-cp310-manylinux2014_x86_64.manylinux_2_17_x86_64.manylinux_2_28_x86_64.whl", hash = "sha256:de2c184bb1fe2cbd2cefba613e9db29a5ab559323f994b6737e370d3da0ac455", size = 1672604, upload-time = "2026-01-03T17:29:26.099Z" },
    { url = "https://files.pythonhosted.org/packages/1e/77/6b4ffcbcac4c6a5d041343a756f34a6dd26174ae07f977a64fe028dda5b0/aiohttp-3.13.3-cp310-cp310-manylinux_2_31_riscv64.manylinux_2_39_riscv64.whl", hash = "sha256:75ca857eba4e20ce9f546cd59c7007b33906a4cd48f2ff6ccf1ccfc3b646f279", size = 1554370, upload-time = "2026-01-03T17:29:28.121Z" },
    { url = "https://files.pythonhosted.org/packages/f2/f0/e3ddfa93f17d689dbe014ba048f18e0c9f9b456033b70e94349a2e9048be/aiohttp-3.13.3-cp310-cp310-musllinux_1_2_aarch64.whl", hash = "sha256:81e97251d9298386c2b7dbeb490d3d1badbdc69107fb8c9299dd04eb39bddc0e", size = 1642023, upload-time = "2026-01-03T17:29:30.002Z" },
    { url = "https://files.pythonhosted.org/packages/eb/45/c14019c9ec60a8e243d06d601b33dcc4fd92379424bde3021725859d7f99/aiohttp-3.13.3-cp310-cp310-musllinux_1_2_armv7l.whl", hash = "sha256:c0e2d366af265797506f0283487223146af57815b388623f0357ef7eac9b209d", size = 1649680, upload-time = "2026-01-03T17:29:31.782Z" },
    { url = "https://files.pythonhosted.org/packages/9c/fd/09c9451dae5aa5c5ed756df95ff9ef549d45d4be663bafd1e4954fd836f0/aiohttp-3.13.3-cp310-cp310-musllinux_1_2_ppc64le.whl", hash = "sha256:4e239d501f73d6db1522599e14b9b321a7e3b1de66ce33d53a765d975e9f4808", size = 1692407, upload-time = "2026-01-03T17:29:33.392Z" },
    { url = "https://files.pythonhosted.org/packages/a6/81/938bc2ec33c10efd6637ccb3d22f9f3160d08e8f3aa2587a2c2d5ab578eb/aiohttp-3.13.3-cp310-cp310-musllinux_1_2_riscv64.whl", hash = "sha256:0db318f7a6f065d84cb1e02662c526294450b314a02bd9e2a8e67f0d8564ce40", size = 1543047, upload-time = "2026-01-03T17:29:34.855Z" },
    { url = "https://files.pythonhosted.org/packages/f7/23/80488ee21c8d567c83045e412e1d9b7077d27171591a4eb7822586e8c06a/aiohttp-3.13.3-cp310-cp310-musllinux_1_2_s390x.whl", hash = "sha256:bfc1cc2fe31a6026a8a88e4ecfb98d7f6b1fec150cfd708adbfd1d2f42257c29", size = 1715264, upload-time = "2026-01-03T17:29:36.389Z" },
    { url = "https://files.pythonhosted.org/packages/e2/83/259a8da6683182768200b368120ab3deff5370bed93880fb9a3a86299f34/aiohttp-3.13.3-cp310-cp310-musllinux_1_2_x86_64.whl", hash = "sha256:af71fff7bac6bb7508956696dce8f6eec2bbb045eceb40343944b1ae62b5ef11", size = 1657275, upload-time = "2026-01-03T17:29:38.162Z" },
    { url = "https://files.pythonhosted.org/packages/3f/4f/2c41f800a0b560785c10fb316216ac058c105f9be50bdc6a285de88db625/aiohttp-3.13.3-cp310-cp310-win32.whl", hash = "sha256:37da61e244d1749798c151421602884db5270faf479cf0ef03af0ff68954c9dd", size = 434053, upload-time = "2026-01-03T17:29:40.074Z" },
    { url = "https://files.pythonhosted.org/packages/80/df/29cd63c7ecfdb65ccc12f7d808cac4fa2a19544660c06c61a4a48462de0c/aiohttp-3.13.3-cp310-cp310-win_amd64.whl", hash = "sha256:7e63f210bc1b57ef699035f2b4b6d9ce096b5914414a49b0997c839b2bd2223c", size = 456687, upload-time = "2026-01-03T17:29:41.819Z" },
    { url = "https://files.pythonhosted.org/packages/f1/4c/a164164834f03924d9a29dc3acd9e7ee58f95857e0b467f6d04298594ebb/aiohttp-3.13.3-cp311-cp311-macosx_10_9_universal2.whl", hash = "sha256:5b6073099fb654e0a068ae678b10feff95c5cae95bbfcbfa7af669d361a8aa6b", size = 746051, upload-time = "2026-01-03T17:29:43.287Z" },
    { url = "https://files.pythonhosted.org/packages/82/71/d5c31390d18d4f58115037c432b7e0348c60f6f53b727cad33172144a112/aiohttp-3.13.3-cp311-cp311-macosx_10_9_x86_64.whl", hash = "sha256:1cb93e166e6c28716c8c6aeb5f99dfb6d5ccf482d29fe9bf9a794110e6d0ab64", size = 499234, upload-time = "2026-01-03T17:29:44.822Z" },
    { url = "https://files.pythonhosted.org/packages/0e/c9/741f8ac91e14b1d2e7100690425a5b2b919a87a5075406582991fb7de920/aiohttp-3.13.3-cp311-cp311-macosx_11_0_arm64.whl", hash = "sha256:28e027cf2f6b641693a09f631759b4d9ce9165099d2b5d92af9bd4e197690eea", size = 494979, upload-time = "2026-01-03T17:29:46.405Z" },
    { url = "https://files.pythonhosted.org/packages/75/b5/31d4d2e802dfd59f74ed47eba48869c1c21552c586d5e81a9d0d5c2ad640/aiohttp-3.13.3-cp311-cp311-manylinux2014_aarch64.manylinux_2_17_aarch64.manylinux_2_28_aarch64.whl", hash = "sha256:3b61b7169ababd7802f9568ed96142616a9118dd2be0d1866e920e77ec8fa92a", size = 1748297, upload-time = "2026-01-03T17:29:48.083Z" },
    { url = "https://files.pythonhosted.org/packages/1a/3e/eefad0ad42959f226bb79664826883f2687d602a9ae2941a18e0484a74d3/aiohttp-3.13.3-cp311-cp311-manylinux2014_armv7l.manylinux_2_17_armv7l.manylinux_2_31_armv7l.whl", hash = "sha256:80dd4c21b0f6237676449c6baaa1039abae86b91636b6c91a7f8e61c87f89540", size = 1707172, upload-time = "2026-01-03T17:29:49.648Z" },
    { url = "https://files.pythonhosted.org/packages/c5/3a/54a64299fac2891c346cdcf2aa6803f994a2e4beeaf2e5a09dcc54acc842/aiohttp-3.13.3-cp311-cp311-manylinux2014_ppc64le.manylinux_2_17_ppc64le.manylinux_2_28_ppc64le.whl", hash = "sha256:65d2ccb7eabee90ce0503c17716fc77226be026dcc3e65cce859a30db715025b", size = 1805405, upload-time = "2026-01-03T17:29:51.244Z" },
    { url = "https://files.pythonhosted.org/packages/6c/70/ddc1b7169cf64075e864f64595a14b147a895a868394a48f6a8031979038/aiohttp-3.13.3-cp311-cp311-manylinux2014_s390x.manylinux_2_17_s390x.manylinux_2_28_s390x.whl", hash = "sha256:5b179331a481cb5529fca8b432d8d3c7001cb217513c94cd72d668d1248688a3", size = 1899449, upload-time = "2026-01-03T17:29:53.938Z" },
    { url = "https://files.pythonhosted.org/packages/a1/7e/6815aab7d3a56610891c76ef79095677b8b5be6646aaf00f69b221765021/aiohttp-3.13.3-cp311-cp311-manylinux2014_x86_64.manylinux_2_17_x86_64.manylinux_2_28_x86_64.whl", hash = "sha256:9d4c940f02f49483b18b079d1c27ab948721852b281f8b015c058100e9421dd1", size = 1748444, upload-time = "2026-01-03T17:29:55.484Z" },
    { url = "https://files.pythonhosted.org/packages/6b/f2/073b145c4100da5511f457dc0f7558e99b2987cf72600d42b559db856fbc/aiohttp-3.13.3-cp311-cp311-manylinux_2_31_riscv64.manylinux_2_39_riscv64.whl", hash = "sha256:f9444f105664c4ce47a2a7171a2418bce5b7bae45fb610f4e2c36045d85911d3", size = 1606038, upload-time = "2026-01-03T17:29:57.179Z" },
    { url = "https://files.pythonhosted.org/packages/0a/c1/778d011920cae03ae01424ec202c513dc69243cf2db303965615b81deeea/aiohttp-3.13.3-cp311-cp311-musllinux_1_2_aarch64.whl", hash = "sha256:694976222c711d1d00ba131904beb60534f93966562f64440d0c9d41b8cdb440", size = 1724156, upload-time = "2026-01-03T17:29:58.914Z" },
    { url = "https://files.pythonhosted.org/packages/0e/cb/3419eabf4ec1e9ec6f242c32b689248365a1cf621891f6f0386632525494/aiohttp-3.13.3-cp311-cp311-musllinux_1_2_armv7l.whl", hash = "sha256:f33ed1a2bf1997a36661874b017f5c4b760f41266341af36febaf271d179f6d7", size = 1722340, upload-time = "2026-01-03T17:30:01.962Z" },
    { url = "https://files.pythonhosted.org/packages/7a/e5/76cf77bdbc435bf233c1f114edad39ed4177ccbfab7c329482b179cff4f4/aiohttp-3.13.3-cp311-cp311-musllinux_1_2_ppc64le.whl", hash = "sha256:e636b3c5f61da31a92bf0d91da83e58fdfa96f178ba682f11d24f31944cdd28c", size = 1783041, upload-time = "2026-01-03T17:30:03.609Z" },
    { url = "https://files.pythonhosted.org/packages/9d/d4/dd1ca234c794fd29c057ce8c0566b8ef7fd6a51069de5f06fa84b9a1971c/aiohttp-3.13.3-cp311-cp311-musllinux_1_2_riscv64.whl", hash = "sha256:5d2d94f1f5fcbe40838ac51a6ab5704a6f9ea42e72ceda48de5e6b898521da51", size = 1596024, upload-time = "2026-01-03T17:30:05.132Z" },
    { url = "https://files.pythonhosted.org/packages/55/58/4345b5f26661a6180afa686c473620c30a66afdf120ed3dd545bbc809e85/aiohttp-3.13.3-cp311-cp311-musllinux_1_2_s390x.whl", hash = "sha256:2be0e9ccf23e8a94f6f0650ce06042cefc6ac703d0d7ab6c7a917289f2539ad4", size = 1804590, upload-time = "2026-01-03T17:30:07.135Z" },
    { url = "https://files.pythonhosted.org/packages/7b/06/05950619af6c2df7e0a431d889ba2813c9f0129cec76f663e547a5ad56f2/aiohttp-3.13.3-cp311-cp311-musllinux_1_2_x86_64.whl", hash = "sha256:9af5e68ee47d6534d36791bbe9b646d2a7c7deb6fc24d7943628edfbb3581f29", size = 1740355, upload-time = "2026-01-03T17:30:09.083Z" },
    { url = "https://files.pythonhosted.org/packages/3e/80/958f16de79ba0422d7c1e284b2abd0c84bc03394fbe631d0a39ffa10e1eb/aiohttp-3.13.3-cp311-cp311-win32.whl", hash = "sha256:a2212ad43c0833a873d0fb3c63fa1bacedd4cf6af2fee62bf4b739ceec3ab239", size = 433701, upload-time = "2026-01-03T17:30:10.869Z" },
    { url = "https://files.pythonhosted.org/packages/dc/f2/27cdf04c9851712d6c1b99df6821a6623c3c9e55956d4b1e318c337b5a48/aiohttp-3.13.3-cp311-cp311-win_amd64.whl", hash = "sha256:642f752c3eb117b105acbd87e2c143de710987e09860d674e068c4c2c441034f", size = 457678, upload-time = "2026-01-03T17:30:12.719Z" },
    { url = "https://files.pythonhosted.org/packages/a0/be/4fc11f202955a69e0db803a12a062b8379c970c7c84f4882b6da17337cc1/aiohttp-3.13.3-cp312-cp312-macosx_10_13_universal2.whl", hash = "sha256:b903a4dfee7d347e2d87697d0713be59e0b87925be030c9178c5faa58ea58d5c", size = 739732, upload-time = "2026-01-03T17:30:14.23Z" },
    { url = "https://files.pythonhosted.org/packages/97/2c/621d5b851f94fa0bb7430d6089b3aa970a9d9b75196bc93bb624b0db237a/aiohttp-3.13.3-cp312-cp312-macosx_10_13_x86_64.whl", hash = "sha256:a45530014d7a1e09f4a55f4f43097ba0fd155089372e105e4bff4ca76cb1b168", size = 494293, upload-time = "2026-01-03T17:30:15.96Z" },
    { url = "https://files.pythonhosted.org/packages/5d/43/4be01406b78e1be8320bb8316dc9c42dbab553d281c40364e0f862d5661c/aiohttp-3.13.3-cp312-cp312-macosx_11_0_arm64.whl", hash = "sha256:27234ef6d85c914f9efeb77ff616dbf4ad2380be0cda40b4db086ffc7ddd1b7d", size = 493533, upload-time = "2026-01-03T17:30:17.431Z" },
    { url = "https://files.pythonhosted.org/packages/8d/a8/5a35dc56a06a2c90d4742cbf35294396907027f80eea696637945a106f25/aiohttp-3.13.3-cp312-cp312-manylinux2014_aarch64.manylinux_2_17_aarch64.manylinux_2_28_aarch64.whl", hash = "sha256:d32764c6c9aafb7fb55366a224756387cd50bfa720f32b88e0e6fa45b27dcf29", size = 1737839, upload-time = "2026-01-03T17:30:19.422Z" },
    { url = "https://files.pythonhosted.org/packages/bf/62/4b9eeb331da56530bf2e198a297e5303e1c1ebdceeb00fe9b568a65c5a0c/aiohttp-3.13.3-cp312-cp312-manylinux2014_armv7l.manylinux_2_17_armv7l.manylinux_2_31_armv7l.whl", hash = "sha256:b1a6102b4d3ebc07dad44fbf07b45bb600300f15b552ddf1851b5390202ea2e3", size = 1703932, upload-time = "2026-01-03T17:30:21.756Z" },
    { url = "https://files.pythonhosted.org/packages/7c/f6/af16887b5d419e6a367095994c0b1332d154f647e7dc2bd50e61876e8e3d/aiohttp-3.13.3-cp312-cp312-manylinux2014_ppc64le.manylinux_2_17_ppc64le.manylinux_2_28_ppc64le.whl", hash = "sha256:c014c7ea7fb775dd015b2d3137378b7be0249a448a1612268b5a90c2d81de04d", size = 1771906, upload-time = "2026-01-03T17:30:23.932Z" },
    { url = "https://files.pythonhosted.org/packages/ce/83/397c634b1bcc24292fa1e0c7822800f9f6569e32934bdeef09dae7992dfb/aiohttp-3.13.3-cp312-cp312-manylinux2014_s390x.manylinux_2_17_s390x.manylinux_2_28_s390x.whl", hash = "sha256:2b8d8ddba8f95ba17582226f80e2de99c7a7948e66490ef8d947e272a93e9463", size = 1871020, upload-time = "2026-01-03T17:30:26Z" },
    { url = "https://files.pythonhosted.org/packages/86/f6/a62cbbf13f0ac80a70f71b1672feba90fdb21fd7abd8dbf25c0105fb6fa3/aiohttp-3.13.3-cp312-cp312-manylinux2014_x86_64.manylinux_2_17_x86_64.manylinux_2_28_x86_64.whl", hash = "sha256:9ae8dd55c8e6c4257eae3a20fd2c8f41edaea5992ed67156642493b8daf3cecc", size = 1755181, upload-time = "2026-01-03T17:30:27.554Z" },
    { url = "https://files.pythonhosted.org/packages/0a/87/20a35ad487efdd3fba93d5843efdfaa62d2f1479eaafa7453398a44faf13/aiohttp-3.13.3-cp312-cp312-manylinux_2_31_riscv64.manylinux_2_39_riscv64.whl", hash = "sha256:01ad2529d4b5035578f5081606a465f3b814c542882804e2e8cda61adf5c71bf", size = 1561794, upload-time = "2026-01-03T17:30:29.254Z" },
    { url = "https://files.pythonhosted.org/packages/de/95/8fd69a66682012f6716e1bc09ef8a1a2a91922c5725cb904689f112309c4/aiohttp-3.13.3-cp312-cp312-musllinux_1_2_aarch64.whl", hash = "sha256:bb4f7475e359992b580559e008c598091c45b5088f28614e855e42d39c2f1033", size = 1697900, upload-time = "2026-01-03T17:30:31.033Z" },
    { url = "https://files.pythonhosted.org/packages/e5/66/7b94b3b5ba70e955ff597672dad1691333080e37f50280178967aff68657/aiohttp-3.13.3-cp312-cp312-musllinux_1_2_armv7l.whl", hash = "sha256:c19b90316ad3b24c69cd78d5c9b4f3aa4497643685901185b65166293d36a00f", size = 1728239, upload-time = "2026-01-03T17:30:32.703Z" },
    { url = "https://files.pythonhosted.org/packages/47/71/6f72f77f9f7d74719692ab65a2a0252584bf8d5f301e2ecb4c0da734530a/aiohttp-3.13.3-cp312-cp312-musllinux_1_2_ppc64le.whl", hash = "sha256:96d604498a7c782cb15a51c406acaea70d8c027ee6b90c569baa6e7b93073679", size = 1740527, upload-time = "2026-01-03T17:30:34.695Z" },
    { url = "https://files.pythonhosted.org/packages/fa/b4/75ec16cbbd5c01bdaf4a05b19e103e78d7ce1ef7c80867eb0ace42ff4488/aiohttp-3.13.3-cp312-cp312-musllinux_1_2_riscv64.whl", hash = "sha256:084911a532763e9d3dd95adf78a78f4096cd5f58cdc18e6fdbc1b58417a45423", size = 1554489, upload-time = "2026-01-03T17:30:36.864Z" },
    { url = "https://files.pythonhosted.org/packages/52/8f/bc518c0eea29f8406dcf7ed1f96c9b48e3bc3995a96159b3fc11f9e08321/aiohttp-3.13.3-cp312-cp312-musllinux_1_2_s390x.whl", hash = "sha256:7a4a94eb787e606d0a09404b9c38c113d3b099d508021faa615d70a0131907ce", size = 1767852, upload-time = "2026-01-03T17:30:39.433Z" },
    { url = "https://files.pythonhosted.org/packages/9d/f2/a07a75173124f31f11ea6f863dc44e6f09afe2bca45dd4e64979490deab1/aiohttp-3.13.3-cp312-cp312-musllinux_1_2_x86_64.whl", hash = "sha256:87797e645d9d8e222e04160ee32aa06bc5c163e8499f24db719e7852ec23093a", size = 1722379, upload-time = "2026-01-03T17:30:41.081Z" },
    { url = "https://files.pythonhosted.org/packages/3c/4a/1a3fee7c21350cac78e5c5cef711bac1b94feca07399f3d406972e2d8fcd/aiohttp-3.13.3-cp312-cp312-win32.whl", hash = "sha256:b04be762396457bef43f3597c991e192ee7da460a4953d7e647ee4b1c28e7046", size = 428253, upload-time = "2026-01-03T17:30:42.644Z" },
    { url = "https://files.pythonhosted.org/packages/d9/b7/76175c7cb4eb73d91ad63c34e29fc4f77c9386bba4a65b53ba8e05ee3c39/aiohttp-3.13.3-cp312-cp312-win_amd64.whl", hash = "sha256:e3531d63d3bdfa7e3ac5e9b27b2dd7ec9df3206a98e0b3445fa906f233264c57", size = 455407, upload-time = "2026-01-03T17:30:44.195Z" },
    { url = "https://files.pythonhosted.org/packages/97/8a/12ca489246ca1faaf5432844adbfce7ff2cc4997733e0af120869345643a/aiohttp-3.13.3-cp313-cp313-macosx_10_13_universal2.whl", hash = "sha256:5dff64413671b0d3e7d5918ea490bdccb97a4ad29b3f311ed423200b2203e01c", size = 734190, upload-time = "2026-01-03T17:30:45.832Z" },
    { url = "https://files.pythonhosted.org/packages/32/08/de43984c74ed1fca5c014808963cc83cb00d7bb06af228f132d33862ca76/aiohttp-3.13.3-cp313-cp313-macosx_10_13_x86_64.whl", hash = "sha256:87b9aab6d6ed88235aa2970294f496ff1a1f9adcd724d800e9b952395a80ffd9", size = 491783, upload-time = "2026-01-03T17:30:47.466Z" },
    { url = "https://files.pythonhosted.org/packages/17/f8/8dd2cf6112a5a76f81f81a5130c57ca829d101ad583ce57f889179accdda/aiohttp-3.13.3-cp313-cp313-macosx_11_0_arm64.whl", hash = "sha256:425c126c0dc43861e22cb1c14ba4c8e45d09516d0a3ae0a3f7494b79f5f233a3", size = 490704, upload-time = "2026-01-03T17:30:49.373Z" },
    { url = "https://files.pythonhosted.org/packages/6d/40/a46b03ca03936f832bc7eaa47cfbb1ad012ba1be4790122ee4f4f8cba074/aiohttp-3.13.3-cp313-cp313-manylinux2014_aarch64.manylinux_2_17_aarch64.manylinux_2_28_aarch64.whl", hash = "sha256:7f9120f7093c2a32d9647abcaf21e6ad275b4fbec5b55969f978b1a97c7c86bf", size = 1720652, upload-time = "2026-01-03T17:30:50.974Z" },
    { url = "https://files.pythonhosted.org/packages/f7/7e/917fe18e3607af92657e4285498f500dca797ff8c918bd7d90b05abf6c2a/aiohttp-3.13.3-cp313-cp313-manylinux2014_armv7l.manylinux_2_17_armv7l.manylinux_2_31_armv7l.whl", hash = "sha256:697753042d57f4bf7122cab985bf15d0cef23c770864580f5af4f52023a56bd6", size = 1692014, upload-time = "2026-01-03T17:30:52.729Z" },
    { url = "https://files.pythonhosted.org/packages/71/b6/cefa4cbc00d315d68973b671cf105b21a609c12b82d52e5d0c9ae61d2a09/aiohttp-3.13.3-cp313-cp313-manylinux2014_ppc64le.manylinux_2_17_ppc64le.manylinux_2_28_ppc64le.whl", hash = "sha256:6de499a1a44e7de70735d0b39f67c8f25eb3d91eb3103be99ca0fa882cdd987d", size = 1759777, upload-time = "2026-01-03T17:30:54.537Z" },
    { url = "https://files.pythonhosted.org/packages/fb/e3/e06ee07b45e59e6d81498b591fc589629be1553abb2a82ce33efe2a7b068/aiohttp-3.13.3-cp313-cp313-manylinux2014_s390x.manylinux_2_17_s390x.manylinux_2_28_s390x.whl", hash = "sha256:37239e9f9a7ea9ac5bf6b92b0260b01f8a22281996da609206a84df860bc1261", size = 1861276, upload-time = "2026-01-03T17:30:56.512Z" },
    { url = "https://files.pythonhosted.org/packages/7c/24/75d274228acf35ceeb2850b8ce04de9dd7355ff7a0b49d607ee60c29c518/aiohttp-3.13.3-cp313-cp313-manylinux2014_x86_64.manylinux_2_17_x86_64.manylinux_2_28_x86_64.whl", hash = "sha256:f76c1e3fe7d7c8afad7ed193f89a292e1999608170dcc9751a7462a87dfd5bc0", size = 1743131, upload-time = "2026-01-03T17:30:58.256Z" },
    { url = "https://files.pythonhosted.org/packages/04/98/3d21dde21889b17ca2eea54fdcff21b27b93f45b7bb94ca029c31ab59dc3/aiohttp-3.13.3-cp313-cp313-manylinux_2_31_riscv64.manylinux_2_39_riscv64.whl", hash = "sha256:fc290605db2a917f6e81b0e1e0796469871f5af381ce15c604a3c5c7e51cb730", size = 1556863, upload-time = "2026-01-03T17:31:00.445Z" },
    { url = "https://files.pythonhosted.org/packages/9e/84/da0c3ab1192eaf64782b03971ab4055b475d0db07b17eff925e8c93b3aa5/aiohttp-3.13.3-cp313-cp313-musllinux_1_2_aarch64.whl", hash = "sha256:4021b51936308aeea0367b8f006dc999ca02bc118a0cc78c303f50a2ff6afb91", size = 1682793, upload-time = "2026-01-03T17:31:03.024Z" },
    { url = "https://files.pythonhosted.org/packages/ff/0f/5802ada182f575afa02cbd0ec5180d7e13a402afb7c2c03a9aa5e5d49060/aiohttp-3.13.3-cp313-cp313-musllinux_1_2_armv7l.whl", hash = "sha256:49a03727c1bba9a97d3e93c9f93ca03a57300f484b6e935463099841261195d3", size = 1716676, upload-time = "2026-01-03T17:31:04.842Z" },
    { url = "https://files.pythonhosted.org/packages/3f/8c/714d53bd8b5a4560667f7bbbb06b20c2382f9c7847d198370ec6526af39c/aiohttp-3.13.3-cp313-cp313-musllinux_1_2_ppc64le.whl", hash = "sha256:3d9908a48eb7416dc1f4524e69f1d32e5d90e3981e4e37eb0aa1cd18f9cfa2a4", size = 1733217, upload-time = "2026-01-03T17:31:06.868Z" },
    { url = "https://files.pythonhosted.org/packages/7d/79/e2176f46d2e963facea939f5be2d26368ce543622be6f00a12844d3c991f/aiohttp-3.13.3-cp313-cp313-musllinux_1_2_riscv64.whl", hash = "sha256:2712039939ec963c237286113c68dbad80a82a4281543f3abf766d9d73228998", size = 1552303, upload-time = "2026-01-03T17:31:08.958Z" },
    { url = "https://files.pythonhosted.org/packages/ab/6a/28ed4dea1759916090587d1fe57087b03e6c784a642b85ef48217b0277ae/aiohttp-3.13.3-cp313-cp313-musllinux_1_2_s390x.whl", hash = "sha256:7bfdc049127717581866fa4708791220970ce291c23e28ccf3922c700740fdc0", size = 1763673, upload-time = "2026-01-03T17:31:10.676Z" },... (2 MB restante(s))